PODS:
  - Alamofire (5.0.0.beta.1)
  - CRRefresh (1.1.3)

DEPENDENCIES:
  - Alamofire (~> 5.0.0.beta.1)
  - CRRefresh

SPEC REPOS:
  https://github.com/cocoapods/specs.git:
    - Alamofire
    - CRRefresh

SPEC CHECKSUMS:
  Alamofire: 2ef6d6c984c5d21c366e9b41a9ae7dfee2b67a44
  CRRefresh: 1415d4ae06837fa7bb064c44f2e102f3ef517044

PODFILE CHECKSUM: cf0b4f7898b51a6bfeffe6e95088580c2e857c5d

COCOAPODS: 1.5.3
