PODS:
  - Alamofire (4.8.1)
  - CRRefresh (1.1.3)

DEPENDENCIES:
  - Alamofire (~> 4.7)
  - CRRefresh

SPEC REPOS:
  https://github.com/cocoapods/specs.git:
    - Alamofire
    - CRRefresh

SPEC CHECKSUMS:
  Alamofire: 16ce2c353fb72865124ddae8a57c5942388f4f11
  CRRefresh: 1415d4ae06837fa7bb064c44f2e102f3ef517044

PODFILE CHECKSUM: 748db4b212e97eed4373d163ed3d54f0287d9bed

COCOAPODS: 1.5.3
